
Microsoft Visual Studio Solution File, Format Version 12.00
# Visual Studio Version 16
VisualStudioVersion = 16.0.31410.357
MinimumVisualStudioVersion = 10.0.40219.1
Project("{9A19103F-16F7-4668-BE54-9A1E7A4F7556}") = "Gosport", "Gosport.csproj", "{650FC463-76BA-4630-80D6-2019B5D1104D}"
EndProject
Global
	GlobalSection(SolutionConfigurationPlatforms) = preSolution
		Debug|Any CPU = Debug|Any CPU
		Release|Any CPU = Release|Any CPU
	EndGlobalSection
	GlobalSection(ProjectConfigurationPlatforms) = postSolution
		{650FC463-76BA-4630-80D6-2019B5D1104D}.Debug|Any CPU.ActiveCfg = Debug|Any CPU
		{650FC463-76BA-4630-80D6-2019B5D1104D}.Debug|Any CPU.Build.0 = Debug|Any CPU
		{650FC463-76BA-4630-80D6-2019B5D1104D}.Release|Any CPU.ActiveCfg = Release|Any CPU
		{650FC463-76BA-4630-80D6-2019B5D1104D}.Release|Any CPU.Build.0 = Release|Any CPU
	EndGlobalSection
	GlobalSection(SolutionProperties) = preSolution
		HideSolutionNode = FALSE
	EndGlobalSection
	GlobalSection(ExtensibilityGlobals) = postSolution
		SolutionGuid = {24ED4D2E-EF31-45AC-AF11-30CF462E3DCB}
	EndGlobalSection
EndGlobal
